// !$*UTF8*$!
{
	archiveVersion = 1;
	classes = {
	};
	objectVersion = 48;
	objects = {

/* Begin PBXBuildFile section */
		ABE5BA19205C534A00B4E0AB /* AppDelegate.swift in Sources */ = {isa = PBXBuildFile; fileRef = ABE5BA18205C534A00B4E0AB /* AppDelegate.swift */; };
		ABE5BA1B205C534A00B4E0AB /* ViewController.swift in Sources */ = {isa = PBXBuildFile; fileRef = ABE5BA1A205C534A00B4E0AB /* ViewController.swift */; };
		ABE5BA1E205C534A00B4E0AB /* Main.storyboard in Resources */ = {isa = PBXBuildFile; fileRef = ABE5BA1C205C534A00B4E0AB /* Main.storyboard */; };
		ABE5BA20205C534A00B4E0AB /* Assets.xcassets in Resources */ = {isa = PBXBuildFile; fileRef = ABE5BA1F205C534A00B4E0AB /* Assets.xcassets */; };
		ABE5BA23205C534A00B4E0AB /* LaunchScreen.storyboard in Resources */ = {isa = PBXBuildFile; fileRef = ABE5BA21205C534A00B4E0AB /* LaunchScreen.storyboard */; };
		ABE5BA2E205C534A00B4E0AB /* GnomesTests.swift in Sources */ = {isa = PBXBuildFile; fileRef = ABE5BA2D205C534A00B4E0AB /* GnomesTests.swift */; };
/* End PBXBuildFile section */

/* Begin PBXContainerItemProxy section */
		ABE5BA2A205C534A00B4E0AB /* PBXContainerItemProxy */ = {
			isa = PBXContainerItemProxy;
			containerPortal = ABE5BA0D205C534A00B4E0AB /* Project object */;
			proxyType = 1;
			remoteGlobalIDString = ABE5BA14205C534A00B4E0AB;
			remoteInfo = Gnomes;
		};
/* End PBXContainerItemProxy section */

/* Begin PBXFileReference section */
		ABE5BA15205C534A00B4E0AB /* Gnomes.app */ = {isa = PBXFileReference; explicitFileType = wrapper.application; includeInIndex = 0; path = Gnomes.app; sourceTree = BUILT_PRODUCTS_DIR; };
		ABE5BA18205C534A00B4E0AB /* AppDelegate.swift */ = {isa = PBXFileReference; lastKnownFileType = sourcecode.swift; path = AppDelegate.swift; sourceTree = "<group>"; };
		ABE5BA1A205C534A00B4E0AB /* ViewController.swift */ = {isa = PBXFileReference; lastKnownFileType = sourcecode.swift; path = ViewController.swift; sourceTree = "<group>"; };
		ABE5BA1D205C534A00B4E0AB /* Base */ = {isa = PBXFileReference; lastKnownFileType = file.storyboard; name = Base; path = Base.lproj/Main.storyboard; sourceTree = "<group>"; };
		ABE5BA1F205C534A00B4E0AB /* Assets.xcassets */ = {isa = PBXFileReference; lastKnownFileType = folder.assetcatalog; path = Assets.xcassets; sourceTree = "<group>"; };
		ABE5BA22205C534A00B4E0AB /* Base */ = {isa = PBXFileReference; lastKnownFileType = file.storyboard; name = Base; path = Base.lproj/LaunchScreen.storyboard; sourceTree = "<group>"; };
		ABE5BA24205C534A00B4E0AB /* Info.plist */ = {isa = PBXFileReference; lastKnownFileType = text.plist.xml; path = Info.plist; sourceTree = "<group>"; };
		ABE5BA29205C534A00B4E0AB /* GnomesTests.xctest */ = {isa = PBXFileReference; explicitFileType = wrapper.cfbundle; includeInIndex = 0; path = GnomesTests.xctest; sourceTree = BUILT_PRODUCTS_DIR; };
		ABE5BA2D205C534A00B4E0AB /* GnomesTests.swift */ = {isa = PBXFileReference; lastKnownFileType = sourcecode.swift; path = GnomesTests.swift; sourceTree = "<group>"; };
		ABE5BA2F205C534A00B4E0AB /* Info.plist */ = {isa = PBXFileReference; lastKnownFileType = text.plist.xml; path = Info.plist; sourceTree = "<group>"; };
/* End PBXFileReference section */

/* Begin PBXFrameworksBuildPhase section */
		ABE5BA12205C534A00B4E0AB /* Frameworks */ = {
			isa = PBXFrameworksBuildPhase;
			buildActionMask = 2147483647;
			files = (
			);
			runOnlyForDeploymentPostprocessing = 0;
		};
		ABE5BA26205C534A00B4E0AB /* Frameworks */ = {
			isa = PBXFrameworksBuildPhase;
			buildActionMask = 2147483647;
			files = (
			);
			runOnlyForDeploymentPostprocessing = 0;
		};
/* End PBXFrameworksBuildPhase section */

/* Begin PBXGroup section */
		ABE5BA0C205C534A00B4E0AB = {
			isa = PBXGroup;
			children = (
				ABE5BA17205C534A00B4E0AB /* Gnomes */,
				ABE5BA2C205C534A00B4E0AB /* GnomesTests */,
				ABE5BA16205C534A00B4E0AB /* Products */,
			);
			sourceTree = "<group>";
		};
		ABE5BA16205C534A00B4E0AB /* Products */ = {
			isa = PBXGroup;
			children = (
				ABE5BA15205C534A00B4E0AB /* Gnomes.app */,
				ABE5BA29205C534A00B4E0AB /* GnomesTests.xctest */,
			);
			name = Products;
			sourceTree = "<group>";
		};
		ABE5BA17205C534A00B4E0AB /* Gnomes */ = {
			isa = PBXGroup;
			children = (
				ABE5BA18205C534A00B4E0AB /* AppDelegate.swift */,
				ABE5BA1A205C534A00B4E0AB /* ViewController.swift */,
				ABE5BA1C205C534A00B4E0AB /* Main.storyboard */,
				ABE5BA1F205C534A00B4E0AB /* Assets.xcassets */,
				ABE5BA21205C534A00B4E0AB /* LaunchScreen.storyboard */,
				ABE5BA24205C534A00B4E0AB /* Info.plist */,
			);
			path = Gnomes;
			sourceTree = "<group>";
		};
		ABE5BA2C205C534A00B4E0AB /* GnomesTests */ = {
			isa = PBXGroup;
			children = (
				ABE5BA2D205C534A00B4E0AB /* GnomesTests.swift */,
				ABE5BA2F205C534A00B4E0AB /* Info.plist */,
			);
			path = GnomesTests;
			sourceTree = "<group>";
		};
/* End PBXGroup section */

/* Begin PBXNativeTarget section */
		ABE5BA14205C534A00B4E0AB /* Gnomes */ = {
			isa = PBXNativeTarget;
			buildConfigurationList = ABE5BA32205C534A00B4E0AB /* Build configuration list for PBXNativeTarget "Gnomes" */;
			buildPhases = (
				ABE5BA11205C534A00B4E0AB /* Sources */,
				ABE5BA12205C534A00B4E0AB /* Frameworks */,
				ABE5BA13205C534A00B4E0AB /* Resources */,
			);
			buildRules = (
			);
			dependencies = (
			);
			name = Gnomes;
			productName = Gnomes;
			productReference = ABE5BA15205C534A00B4E0AB /* Gnomes.app */;
			productType = "com.apple.product-type.application";
		};
		ABE5BA28205C534A00B4E0AB /* GnomesTests */ = {
			isa = PBXNativeTarget;
			buildConfigurationList = ABE5BA35205C534A00B4E0AB /* Build configuration list for PBXNativeTarget "GnomesTests" */;
			buildPhases = (
				ABE5BA25205C534A00B4E0AB /* Sources */,
				ABE5BA26205C534A00B4E0AB /* Frameworks */,
				ABE5BA27205C534A00B4E0AB /* Resources */,
			);
			buildRules = (
			);
			dependencies = (
				ABE5BA2B205C534A00B4E0AB /* PBXTargetDependency */,
			);
			name = GnomesTests;
			productName = GnomesTests;
			productReference = ABE5BA29205C534A00B4E0AB /* GnomesTests.xctest */;
			productType = "com.apple.product-type.bundle.unit-test";
		};
/* End PBXNativeTarget section */

/* Begin PBXProject section */
		ABE5BA0D205C534A00B4E0AB /* Project object */ = {
			isa = PBXProject;
			attributes = {
				LastSwiftUpdateCheck = 0920;
				LastUpgradeCheck = 0920;
				ORGANIZATIONNAME = "José Valderrama";
				TargetAttributes = {
					ABE5BA14205C534A00B4E0AB = {
						CreatedOnToolsVersion = 9.2;
						ProvisioningStyle = Automatic;
					};
					ABE5BA28205C534A00B4E0AB = {
						CreatedOnToolsVersion = 9.2;
						ProvisioningStyle = Automatic;
						TestTargetID = ABE5BA14205C534A00B4E0AB;
					};
				};
			};
			buildConfigurationList = ABE5BA10205C534A00B4E0AB /* Build configuration list for PBXProject "Gnomes" */;
			compatibilityVersion = "Xcode 8.0";
			developmentRegion = en;
			hasScannedForEncodings = 0;
			knownRegions = (
				en,
				Base,
			);
			mainGroup = ABE5BA0C205C534A00B4E0AB;
			productRefGroup = ABE5BA16205C534A00B4E0AB /* Products */;
			projectDirPath = "";
			projectRoot = "";
			targets = (
				ABE5BA14205C534A00B4E0AB /* Gnomes */,
				ABE5BA28205C534A00B4E0AB /* GnomesTests */,
			);
		};
/* End PBXProject section */

/* Begin PBXResourcesBuildPhase section */
		ABE5BA13205C534A00B4E0AB /* Resources */ = {
			isa = PBXResourcesBuildPhase;
			buildActionMask = 2147483647;
			files = (
				ABE5BA23205C534A00B4E0AB /* LaunchScreen.storyboard in Resources */,
				ABE5BA20205C534A00B4E0AB /* Assets.xcassets in Resources */,
				ABE5BA1E205C534A00B4E0AB /* Main.storyboard in Resources */,
			);
			runOnlyForDeploymentPostprocessing = 0;
		};
		ABE5BA27205C534A00B4E0AB /* Resources */ = {
			isa = PBXResourcesBuildPhase;
			buildActionMask = 2147483647;
			files = (
			);
			runOnlyForDeploymentPostprocessing = 0;
		};
/* End PBXResourcesBuildPhase section */

/* Begin PBXSourcesBuildPhase section */
		ABE5BA11205C534A00B4E0AB /* Sources */ = {
			isa = PBXSourcesBuildPhase;
			buildActionMask = 2147483647;
			files = (
				ABE5BA1B205C534A00B4E0AB /* ViewController.swift in Sources */,
				ABE5BA19205C534A00B4E0AB /* AppDelegate.swift in Sources */,
			);
			runOnlyForDeploymentPostprocessing = 0;
		};
		ABE5BA25205C534A00B4E0AB /* Sources */ = {
			isa = PBXSourcesBuildPhase;
			buildActionMask = 2147483647;
			files = (
				ABE5BA2E205C534A00B4E0AB /* GnomesTests.swift in Sources */,
			);
			runOnlyForDeploymentPostprocessing = 0;
		};
/* End PBXSourcesBuildPhase section */

/* Begin PBXTargetDependency section */
		ABE5BA2B205C534A00B4E0AB /* PBXTargetDependency */ = {
			isa = PBXTargetDependency;
			target = ABE5BA14205C534A00B4E0AB /* Gnomes */;
			targetProxy = ABE5BA2A205C534A00B4E0AB /* PBXContainerItemProxy */;
		};
/* End PBXTargetDependency section */

/* Begin PBXVariantGroup section */
		ABE5BA1C205C534A00B4E0AB /* Main.storyboard */ = {
			isa = PBXVariantGroup;
			children = (
				ABE5BA1D205C534A00B4E0AB /* Base */,
			);
			name = Main.storyboard;
			sourceTree = "<group>";
		};
		ABE5BA21205C534A00B4E0AB /* LaunchScreen.storyboard */ = {
			isa = PBXVariantGroup;
			children = (
				ABE5BA22205C534A00B4E0AB /* Base */,
			);
			name = LaunchScreen.storyboard;
			sourceTree = "<group>";
		};
/* End PBXVariantGroup section */

/* Begin XCBuildConfiguration section */
		ABE5BA30205C534A00B4E0AB /* Debug */ = {
			isa = XCBuildConfiguration;
			buildSettings = {
				ALWAYS_SEARCH_USER_PATHS = NO;
				CLANG_ANALYZER_NONNULL = YES;
				CLANG_ANALYZER_NUMBER_OBJECT_CONVERSION = YES_AGGRESSIVE;
				CLANG_CXX_LANGUAGE_STANDARD = "gnu++14";
				CLANG_CXX_LIBRARY = "libc++";
				CLANG_ENABLE_MODULES = YES;
				CLANG_ENABLE_OBJC_ARC = YES;
				CLANG_WARN_BLOCK_CAPTURE_AUTORELEASING = YES;
				CLANG_WARN_BOOL_CONVERSION = YES;
				CLANG_WARN_COMMA = YES;
				CLANG_WARN_CONSTANT_CONVERSION = YES;
				CLANG_WARN_DIRECT_OBJC_ISA_USAGE = YES_ERROR;
				CLANG_WARN_DOCUMENTATION_COMMENTS = YES;
				CLANG_WARN_EMPTY_BODY = YES;
				CLANG_WARN_ENUM_CONVERSION = YES;
				CLANG_WARN_INFINITE_RECURSION = YES;
				CLANG_WARN_INT_CONVERSION = YES;
				CLANG_WARN_NON_LITERAL_NULL_CONVERSION = YES;
				CLANG_WARN_OBJC_LITERAL_CONVERSION = YES;
				CLANG_WARN_OBJC_ROOT_CLASS = YES_ERROR;
				CLANG_WARN_RANGE_LOOP_ANALYSIS = YES;
				CLANG_WARN_STRICT_PROTOTYPES = YES;
				CLANG_WARN_SUSPICIOUS_MOVE = YES;
				CLANG_WARN_UNGUARDED_AVAILABILITY = YES_AGGRESSIVE;
				CLANG_WARN_UNREACHABLE_CODE = YES;
				CLANG_WARN__DUPLICATE_METHOD_MATCH = YES;
				CODE_SIGN_IDENTITY = "iPhone Developer";
				COPY_PHASE_STRIP = NO;
				DEBUG_INFORMATION_FORMAT = dwarf;
				ENABLE_STRICT_OBJC_MSGSEND = YES;
				ENABLE_TESTABILITY = YES;
				GCC_C_LANGUAGE_STANDARD = gnu11;
				GCC_DYNAMIC_NO_PIC = NO;
				GCC_NO_COMMON_BLOCKS = YES;
				GCC_OPTIMIZATION_LEVEL = 0;
				GCC_PREPROCESSOR_DEFINITIONS = (
					"DEBUG=1",
					"$(inherited)",
				);
				GCC_WARN_64_TO_32_BIT_CONVERSION = YES;
				GCC_WARN_ABOUT_RETURN_TYPE = YES_ERROR;
				GCC_WARN_UNDECLARED_SELECTOR = YES;
				GCC_WARN_UNINITIALIZED_AUTOS = YES_AGGRESSIVE;
				GCC_WARN_UNUSED_FUNCTION = YES;
				GCC_WARN_UNUSED_VARIABLE = YES;
				IPHONEOS_DEPLOYMENT_TARGET = 11.2;
				MTL_ENABLE_DEBUG_INFO = YES;
				ONLY_ACTIVE_ARCH = YES;
				SDKROOT = iphoneos;
				SWIFT_ACTIVE_COMPILATION_CONDITIONS = DEBUG;
				SWIFT_OPTIMIZATION_LEVEL = "-Onone";
			};
			name = Debug;
		};
		ABE5BA31205C534A00B4E0AB /* Release */ = {
			isa = XCBuildConfiguration;
			buildSettings = {
				ALWAYS_SEARCH_USER_PATHS = NO;
				CLANG_ANALYZER_NONNULL = YES;
				CLANG_ANALYZER_NUMBER_OBJECT_CONVERSION = YES_AGGRESSIVE;
				CLANG_CXX_LANGUAGE_STANDARD = "gnu++14";
				CLANG_CXX_LIBRARY = "libc++";
				CLANG_ENABLE_MODULES = YES;
				CLANG_ENABLE_OBJC_ARC = YES;
				CLANG_WARN_BLOCK_CAPTURE_AUTORELEASING = YES;
				CLANG_WARN_BOOL_CONVERSION = YES;
				CLANG_WARN_COMMA = YES;
				CLANG_WARN_CONSTANT_CONVERSION = YES;
				CLANG_WARN_DIRECT_OBJC_ISA_USAGE = YES_ERROR;
				CLANG_WARN_DOCUMENTATION_COMMENTS = YES;
				CLANG_WARN_EMPTY_BODY = YES;
				CLANG_WARN_ENUM_CONVERSION = YES;
				CLANG_WARN_INFINITE_RECURSION = YES;
				CLANG_WARN_INT_CONVERSION = YES;
				CLANG_WARN_NON_LITERAL_NULL_CONVERSION = YES;
				CLANG_WARN_OBJC_LITERAL_CONVERSION = YES;
				CLANG_WARN_OBJC_ROOT_CLASS = YES_ERROR;
				CLANG_WARN_RANGE_LOOP_ANALYSIS = YES;
				CLANG_WARN_STRICT_PROTOTYPES = YES;
				CLANG_WARN_SUSPICIOUS_MOVE = YES;
				CLANG_WARN_UNGUARDED_AVAILABILITY = YES_AGGRESSIVE;
				CLANG_WARN_UNREACHABLE_CODE = YES;
				CLANG_WARN__DUPLICATE_METHOD_MATCH = YES;
				CODE_SIGN_IDENTITY = "iPhone Developer";
				COPY_PHASE_STRIP = NO;
				DEBUG_INFORMATION_FORMAT = "dwarf-with-dsym";
				ENABLE_NS_ASSERTIONS = NO;
				ENABLE_STRICT_OBJC_MSGSEND = YES;
				GCC_C_LANGUAGE_STANDARD = gnu11;
				GCC_NO_COMMON_BLOCKS = YES;
				GCC_WARN_64_TO_32_BIT_CONVERSION = YES;
				GCC_WARN_ABOUT_RETURN_TYPE = YES_ERROR;
				GCC_WARN_UNDECLARED_SELECTOR = YES;
				GCC_WARN_UNINITIALIZED_AUTOS = YES_AGGRESSIVE;
				GCC_WARN_UNUSED_FUNCTION = YES;
				GCC_WARN_UNUSED_VARIABLE = YES;
				IPHONEOS_DEPLOYMENT_TARGET = 11.2;
				MTL_ENABLE_DEBUG_INFO = NO;
				SDKROOT = iphoneos;
				SWIFT_OPTIMIZATION_LEVEL = "-Owholemodule";
				VALIDATE_PRODUCT = YES;
			};
			name = Release;
		};
		ABE5BA33205C534A00B4E0AB /* Debug */ = {
			isa = XCBuildConfiguration;
			buildSettings = {
				ASSETCATALOG_COMPILER_APPICON_NAME = AppIcon;
				CODE_SIGN_STYLE = Automatic;
				INFOPLIST_FILE = Gnomes/Info.plist;
				LD_RUNPATH_SEARCH_PATHS = "$(inherited) @executable_path/Frameworks";
				PRODUCT_BUNDLE_IDENTIFIER = com.iostest.Gnomes;
				PRODUCT_NAME = "$(TARGET_NAME)";
				SWIFT_VERSION = 4.0;
				TARGETED_DEVICE_FAMILY = "1,2";
			};
			name = Debug;
		};
		ABE5BA34205C534A00B4E0AB /* Release */ = {
			isa = XCBuildConfiguration;
			buildSettings = {
				ASSETCATALOG_COMPILER_APPICON_NAME = AppIcon;
				CODE_SIGN_STYLE = Automatic;
				INFOPLIST_FILE = Gnomes/Info.plist;
				LD_RUNPATH_SEARCH_PATHS = "$(inherited) @executable_path/Frameworks";
				PRODUCT_BUNDLE_IDENTIFIER = com.iostest.Gnomes;
				PRODUCT_NAME = "$(TARGET_NAME)";
				SWIFT_VERSION = 4.0;
				TARGETED_DEVICE_FAMILY = "1,2";
			};
			name = Release;
		};
		ABE5BA36205C534A00B4E0AB /* Debug */ = {
			isa = XCBuildConfiguration;
			buildSettings = {
				ALWAYS_EMBED_SWIFT_STANDARD_LIBRARIES = YES;
				BUNDLE_LOADER = "$(TEST_HOST)";
				CODE_SIGN_STYLE = Automatic;
				INFOPLIST_FILE = GnomesTests/Info.plist;
				LD_RUNPATH_SEARCH_PATHS = "$(inherited) @executable_path/Frameworks @loader_path/Frameworks";
				PRODUCT_BUNDLE_IDENTIFIER = com.iostest.GnomesTests;
				PRODUCT_NAME = "$(TARGET_NAME)";
				SWIFT_VERSION = 4.0;
				TARGETED_DEVICE_FAMILY = "1,2";
				TEST_HOST = "$(BUILT_PRODUCTS_DIR)/Gnomes.app/Gnomes";
			};
			name = Debug;
		};
		ABE5BA37205C534A00B4E0AB /* Release */ = {
			isa = XCBuildConfiguration;
			buildSettings = {
				ALWAYS_EMBED_SWIFT_STANDARD_LIBRARIES = YES;
				BUNDLE_LOADER = "$(TEST_HOST)";
				CODE_SIGN_STYLE = Automatic;
				INFOPLIST_FILE = GnomesTests/Info.plist;
				LD_RUNPATH_SEARCH_PATHS = "$(inherited) @executable_path/Frameworks @loader_path/Frameworks";
				PRODUCT_BUNDLE_IDENTIFIER = com.iostest.GnomesTests;
				PRODUCT_NAME = "$(TARGET_NAME)";
				SWIFT_VERSION = 4.0;
				TARGETED_DEVICE_FAMILY = "1,2";
				TEST_HOST = "$(BUILT_PRODUCTS_DIR)/Gnomes.app/Gnomes";
			};
			name = Release;
		};
/* End XCBuildConfiguration section */

/* Begin XCConfigurationList section */
		ABE5BA10205C534A00B4E0AB /* Build configuration list for PBXProject "Gnomes" */ = {
			isa = XCConfigurationList;
			buildConfigurations = (
				ABE5BA30205C534A00B4E0AB /* Debug */,
				ABE5BA31205C534A00B4E0AB /* Release */,
			);
			defaultConfigurationIsVisible = 0;
			defaultConfigurationName = Release;
		};
		ABE5BA32205C534A00B4E0AB /* Build configuration list for PBXNativeTarget "Gnomes" */ = {
			isa = XCConfigurationList;
			buildConfigurations = (
				ABE5BA33205C534A00B4E0AB /* Debug */,
				ABE5BA34205C534A00B4E0AB /* Release */,
			);
			defaultConfigurationIsVisible = 0;
			defaultConfigurationName = Release;
		};
		ABE5BA35205C534A00B4E0AB /* Build configuration list for PBXNativeTarget "GnomesTests" */ = {
			isa = XCConfigurationList;
			buildConfigurations = (
				ABE5BA36205C534A00B4E0AB /* Debug */,
				ABE5BA37205C534A00B4E0AB /* Release */,
			);
			defaultConfigurationIsVisible = 0;
			defaultConfigurationName = Release;
		};
/* End XCConfigurationList section */
	};
	rootObject = ABE5BA0D205C534A00B4E0AB /* Project object */;
}
